{
  "name": "worker",
  "version": "1.0.0",
  "lockfileVersion": 3,
  "requires": true,
  "packages": {
    "": {
      "name": "worker",
      "version": "1.0.0",
      "license": "ISC",
      "dependencies": {
        "hono": "^4.11.1"
      }
    },
    "node_modules/hono": {
      "version": "4.11.1",
      "resolved": "https://registry.npmjs.org/hono/-/hono-4.11.1.tgz",
      "integrity": "sha512-KsFcH0xxHes0J4zaQgWbYwmz3UPOOskdqZmItstUG93+Wk1ePBLkLGwbP9zlmh1BFUiL8Qp+Xfu9P7feJWpGNg==",
      "license": "MIT",
      "engines": {
        "node": ">=16.9.0"
      }
    }
  }
}
